# This file is autogenerated, do not edit; changes may be undone by the next 'dep ensure'.


[[projects]]
  branch = "master"
  name = "github.com/abdullin/seq"
  packages = ["."]
  revision = "d5467c17e7afe8d8f08f556c6c811a50c3feb28d"

[[projects]]
  branch = "master"
  name = "github.com/hashicorp/errwrap"
  packages = ["."]
  revision = "7554cd9344cec97297fa6649b055a8c98c2a1e55"

[[projects]]
  name = "github.com/pkg/errors"
  packages = ["."]
  revision = "645ef00459ed84a119197bfb8d8205042c6df63d"
  version = "v0.8.0"

[[projects]]
  branch = "master"
  name = "github.com/sean-/seed"
  packages = ["."]
  revision = "e2103e2c35297fb7e17febb81e49b312087a2372"

[[projects]]
  branch = "master"
  name = "golang.org/x/crypto"
  packages = ["curve25519","ed25519","ed25519/internal/edwards25519","ssh","ssh/agent"]
  revision = "95a4943f35d008beabde8c11e5075a1b714e6419"

[solve-meta]
  analyzer-name = "dep"
  analyzer-version = 1
  inputs-digest = "77264c5d42468555e49d2f5ce288e35be353fa69bc0c9b04684df12e73ebd7c1"
  solver-name = "gps-cdcl"
  solver-version = 1
